
Microsoft Visual Studio Solution File, Format Version 12.00
# Visual Studio 2015
Project("{FAE04EC0-301F-11D3-BF4B-00C04F79EFBC}") = "Juego3D.CSharp", "Juego3D.CSharp.csproj", "{AAF97B11-295E-C061-C516-543B92847F9C}"
EndProject
Project("{FAE04EC0-301F-11D3-BF4B-00C04F79EFBC}") = "Juego3D.CSharp.Editor", "Juego3D.CSharp.Editor.csproj", "{95EBFC49-CBD3-5209-DEBF-F6F2DD6E8410}"
EndProject
Global
	GlobalSection(SolutionConfigurationPlatforms) = preSolution
		Debug|Any CPU = Debug|Any CPU
		Release|Any CPU = Release|Any CPU
	EndGlobalSection
	GlobalSection(ProjectConfigurationPlatforms) = postSolution
		{AAF97B11-295E-C061-C516-543B92847F9C}.Debug|Any CPU.ActiveCfg = Debug|Any CPU
		{AAF97B11-295E-C061-C516-543B92847F9C}.Debug|Any CPU.Build.0 = Debug|Any CPU
		{AAF97B11-295E-C061-C516-543B92847F9C}.Release|Any CPU.ActiveCfg = Release|Any CPU
		{AAF97B11-295E-C061-C516-543B92847F9C}.Release|Any CPU.Build.0 = Release|Any CPU
		{95EBFC49-CBD3-5209-DEBF-F6F2DD6E8410}.Debug|Any CPU.ActiveCfg = Debug|Any CPU
		{95EBFC49-CBD3-5209-DEBF-F6F2DD6E8410}.Debug|Any CPU.Build.0 = Debug|Any CPU
		{95EBFC49-CBD3-5209-DEBF-F6F2DD6E8410}.Release|Any CPU.ActiveCfg = Release|Any CPU
		{95EBFC49-CBD3-5209-DEBF-F6F2DD6E8410}.Release|Any CPU.Build.0 = Release|Any CPU
	EndGlobalSection
	GlobalSection(SolutionProperties) = preSolution
		HideSolutionNode = FALSE
	EndGlobalSection
EndGlobal
